
Microsoft Visual Studio Solution File, Format Version 12.00
# Visual Studio Version 17
Project("{8BC9CEB8-8B4A-11D0-8D11-00A0C91BC942}") = "ALL_BUILD", "ALL_BUILD.vcxproj", "{E2928196-C496-3A4A-86A0-B8666922B272}"
	ProjectSection(ProjectDependencies) = postProject
		{E3F2B4D6-57A8-3D6C-B8A5-A82830E876DD} = {E3F2B4D6-57A8-3D6C-B8A5-A82830E876DD}
		{8ACF2DD1-DFDC-3FB6-952C-B1F85F64BFAB} = {8ACF2DD1-DFDC-3FB6-952C-B1F85F64BFAB}
	EndProjectSection
EndProject
Project("{8BC9CEB8-8B4A-11D0-8D11-00A0C91BC942}") = "ZERO_CHECK", "ZERO_CHECK.vcxproj", "{E3F2B4D6-57A8-3D6C-B8A5-A82830E876DD}"
	ProjectSection(ProjectDependencies) = postProject
	EndProjectSection
EndProject
Project("{8BC9CEB8-8B4A-11D0-8D11-00A0C91BC942}") = "bpew", "bpew.vcxproj", "{8ACF2DD1-DFDC-3FB6-952C-B1F85F64BFAB}"
	ProjectSection(ProjectDependencies) = postProject
		{E3F2B4D6-57A8-3D6C-B8A5-A82830E876DD} = {E3F2B4D6-57A8-3D6C-B8A5-A82830E876DD}
	EndProjectSection
EndProject
Global
	GlobalSection(SolutionConfigurationPlatforms) = preSolution
		Debug|x64 = Debug|x64
		Release|x64 = Release|x64
		MinSizeRel|x64 = MinSizeRel|x64
		RelWithDebInfo|x64 = RelWithDebInfo|x64
	EndGlobalSection
	GlobalSection(ProjectConfigurationPlatforms) = postSolution
		{E2928196-C496-3A4A-86A0-B8666922B272}.Debug|x64.ActiveCfg = Debug|x64
		{E2928196-C496-3A4A-86A0-B8666922B272}.Release|x64.ActiveCfg = Release|x64
		{E2928196-C496-3A4A-86A0-B8666922B272}.MinSizeRel|x64.ActiveCfg = MinSizeRel|x64
		{E2928196-C496-3A4A-86A0-B8666922B272}.RelWithDebInfo|x64.ActiveCfg = RelWithDebInfo|x64
		{E3F2B4D6-57A8-3D6C-B8A5-A82830E876DD}.Debug|x64.ActiveCfg = Debug|x64
		{E3F2B4D6-57A8-3D6C-B8A5-A82830E876DD}.Debug|x64.Build.0 = Debug|x64
		{E3F2B4D6-57A8-3D6C-B8A5-A82830E876DD}.Release|x64.ActiveCfg = Release|x64
		{E3F2B4D6-57A8-3D6C-B8A5-A82830E876DD}.Release|x64.Build.0 = Release|x64
		{E3F2B4D6-57A8-3D6C-B8A5-A82830E876DD}.MinSizeRel|x64.ActiveCfg = MinSizeRel|x64
		{E3F2B4D6-57A8-3D6C-B8A5-A82830E876DD}.MinSizeRel|x64.Build.0 = MinSizeRel|x64
		{E3F2B4D6-57A8-3D6C-B8A5-A82830E876DD}.RelWithDebInfo|x64.ActiveCfg = RelWithDebInfo|x64
		{E3F2B4D6-57A8-3D6C-B8A5-A82830E876DD}.RelWithDebInfo|x64.Build.0 = RelWithDebInfo|x64
		{8ACF2DD1-DFDC-3FB6-952C-B1F85F64BFAB}.Debug|x64.ActiveCfg = Debug|x64
		{8ACF2DD1-DFDC-3FB6-952C-B1F85F64BFAB}.Debug|x64.Build.0 = Debug|x64
		{8ACF2DD1-DFDC-3FB6-952C-B1F85F64BFAB}.Release|x64.ActiveCfg = Release|x64
		{8ACF2DD1-DFDC-3FB6-952C-B1F85F64BFAB}.Release|x64.Build.0 = Release|x64
		{8ACF2DD1-DFDC-3FB6-952C-B1F85F64BFAB}.MinSizeRel|x64.ActiveCfg = MinSizeRel|x64
		{8ACF2DD1-DFDC-3FB6-952C-B1F85F64BFAB}.MinSizeRel|x64.Build.0 = MinSizeRel|x64
		{8ACF2DD1-DFDC-3FB6-952C-B1F85F64BFAB}.RelWithDebInfo|x64.ActiveCfg = RelWithDebInfo|x64
		{8ACF2DD1-DFDC-3FB6-952C-B1F85F64BFAB}.RelWithDebInfo|x64.Build.0 = RelWithDebInfo|x64
	EndGlobalSection
	GlobalSection(ExtensibilityGlobals) = postSolution
		SolutionGuid = {22F5B099-7888-3011-9EA8-404A34ED33D7}
	EndGlobalSection
	GlobalSection(ExtensibilityAddIns) = postSolution
	EndGlobalSection
EndGlobal
