<?xml version="1.0" encoding="utf-8"?>
<Project ToolsVersion="17.0" xmlns="http://schemas.microsoft.com/developer/msbuild/2003">
  <ItemGroup>
    <CustomBuild Include="C:\Users\Mi\projects\bpew\CMakeFiles\412930672f78a7e0e8387ea7d1ee4193\generate.stamp.rule">
      <Filter>CMake Rules</Filter>
    </CustomBuild>
  </ItemGroup>
  <ItemGroup>
    <Filter Include="CMake Rules">
      <UniqueIdentifier>{BA255142-DD13-3E26-84BD-C7E05FBABA54}</UniqueIdentifier>
    </Filter>
  </ItemGroup>
</Project>
